PODS:
  - Alamofire (4.8.2)
  - FSQCollectionViewAlignedLayout (1.1.1)
  - GrowingTextView (0.7.1)
  - IQKeyboardManager (6.4.0)
  - SDWebImage (5.1.0):
    - SDWebImage/Core (= 5.1.0)
  - SDWebImage/Core (5.1.0)
  - Socket.IO-Client-Swift (15.1.0):
    - Starscream (~> 3.1)
  - Starscream (3.1.0)
  - SwiftAudio (0.11.1)
  - SwiftyJSON (5.0.0)
  - UIColor_Hex_Swift (5.1.0)

DEPENDENCIES:
  - Alamofire
  - FSQCollectionViewAlignedLayout
  - GrowingTextView (= 0.7.1)
  - IQKeyboardManager
  - SDWebImage
  - Socket.IO-Client-Swift (~> 15.1.0)
  - SwiftAudio
  - SwiftyJSON
  - UIColor_Hex_Swift

SPEC REPOS:
  https://github.com/CocoaPods/Specs.git:
    - Alamofire
    - FSQCollectionViewAlignedLayout
    - GrowingTextView
    - IQKeyboardManager
    - SDWebImage
    - Socket.IO-Client-Swift
    - Starscream
    - SwiftAudio
    - SwiftyJSON
    - UIColor_Hex_Swift

SPEC CHECKSUMS:
  Alamofire: ae5c501addb7afdbb13687d7f2f722c78734c2d3
  FSQCollectionViewAlignedLayout: 122006b230bf5635ae159f1ad1eaa9b5ef11391e
  GrowingTextView: 6dff7eedf2fc93f8378d20d456782afd0267b0cc
  IQKeyboardManager: fcef267266379c003181fc3592f6bdb8bf4db839
  SDWebImage: fb387001955223213dde14bc08c8b73f371f8d8f
  Socket.IO-Client-Swift: 7cb44c0ffb86e158cee32d0642d30ec5fdcf8f61
  Starscream: 08172b481e145289c4930cb567230fb55897cfa4
  SwiftAudio: f71f0a94068539bf7819b6cc753c0e5dec89621f
  SwiftyJSON: 36413e04c44ee145039d332b4f4e2d3e8d6c4db7
  UIColor_Hex_Swift: 8be7432edacb7fa91c78aa05ef3c30b66e4f9415

PODFILE CHECKSUM: 42811934db4f6d68f5b70ba2b5eec9b68f71ae9e

COCOAPODS: 1.8.3
